
Microsoft Visual Studio Solution File, Format Version 12.00
# Visual Studio Version 17
VisualStudioVersion = 17.9.34723.18
MinimumVisualStudioVersion = 10.0.40219.1
Project("{FAE04EC0-301F-11D3-BF4B-00C04F79EFBC}") = "Calculator Project", "Calculator Project\Calculator Project.csproj", "{59E146CC-892A-419D-B9FC-CB0C25525823}"
EndProject
Global
	GlobalSection(SolutionConfigurationPlatforms) = preSolution
		Debug|Any CPU = Debug|Any CPU
		Release|Any CPU = Release|Any CPU
	EndGlobalSection
	GlobalSection(ProjectConfigurationPlatforms) = postSolution
		{59E146CC-892A-419D-B9FC-CB0C25525823}.Debug|Any CPU.ActiveCfg = Debug|Any CPU
		{59E146CC-892A-419D-B9FC-CB0C25525823}.Debug|Any CPU.Build.0 = Debug|Any CPU
		{59E146CC-892A-419D-B9FC-CB0C25525823}.Release|Any CPU.ActiveCfg = Release|Any CPU
		{59E146CC-892A-419D-B9FC-CB0C25525823}.Release|Any CPU.Build.0 = Release|Any CPU
	EndGlobalSection
	GlobalSection(SolutionProperties) = preSolution
		HideSolutionNode = FALSE
	EndGlobalSection
	GlobalSection(ExtensibilityGlobals) = postSolution
		SolutionGuid = {89F9B60F-3949-40BC-95B8-47F658E3ED3B}
	EndGlobalSection
EndGlobal
